Microsoft Visual Studio Solution File, Format Version 12.00
# Visual Studio Version 17
VisualStudioVersion = 17.5.2.0
MinimumVisualStudioVersion = 10.0.40219.1
Project("{FAE04EC0-301F-11D3-BF4B-00C04F79EFBC}") = "PollingAPI", "PollingAPI.csproj", "{E1B3FE90-A3E6-3759-6078-FA004C4E3541}"
EndProject
Global
	GlobalSection(SolutionConfigurationPlatforms) = preSolution
		Debug|Any CPU = Debug|Any CPU
		Release|Any CPU = Release|Any CPU
	EndGlobalSection
	GlobalSection(ProjectConfigurationPlatforms) = postSolution
		{E1B3FE90-A3E6-3759-6078-FA004C4E3541}.Debug|Any CPU.ActiveCfg = Debug|Any CPU
		{E1B3FE90-A3E6-3759-6078-FA004C4E3541}.Debug|Any CPU.Build.0 = Debug|Any CPU
		{E1B3FE90-A3E6-3759-6078-FA004C4E3541}.Release|Any CPU.ActiveCfg = Release|Any CPU
		{E1B3FE90-A3E6-3759-6078-FA004C4E3541}.Release|Any CPU.Build.0 = Release|Any CPU
	EndGlobalSection
	GlobalSection(SolutionProperties) = preSolution
		HideSolutionNode = FALSE
	EndGlobalSection
	GlobalSection(ExtensibilityGlobals) = postSolution
		SolutionGuid = {5C88CAC0-4B13-4424-8682-FD503A3D4866}
	EndGlobalSection
EndGlobal
